
Microsoft Visual Studio Solution File, Format Version 12.00
# Visual Studio Version 17
VisualStudioVersion = 17.8.34309.116
MinimumVisualStudioVersion = 10.0.40219.1
Project("{FAE04EC0-301F-11D3-BF4B-00C04F79EFBC}") = "Completo", "Completo\Completo.csproj", "{9E9D302B-7C75-47C4-9181-BE670D4796B6}"
EndProject
Project("{FAE04EC0-301F-11D3-BF4B-00C04F79EFBC}") = "Auto", "Auto\Auto.csproj", "{8F91DFD9-B93F-44F2-AE26-595C8F3155BC}"
EndProject
Global
	GlobalSection(SolutionConfigurationPlatforms) = preSolution
		Debug|Any CPU = Debug|Any CPU
		Release|Any CPU = Release|Any CPU
	EndGlobalSection
	GlobalSection(ProjectConfigurationPlatforms) = postSolution
		{9E9D302B-7C75-47C4-9181-BE670D4796B6}.Debug|Any CPU.ActiveCfg = Debug|Any CPU
		{9E9D302B-7C75-47C4-9181-BE670D4796B6}.Debug|Any CPU.Build.0 = Debug|Any CPU
		{9E9D302B-7C75-47C4-9181-BE670D4796B6}.Release|Any CPU.ActiveCfg = Release|Any CPU
		{9E9D302B-7C75-47C4-9181-BE670D4796B6}.Release|Any CPU.Build.0 = Release|Any CPU
		{8F91DFD9-B93F-44F2-AE26-595C8F3155BC}.Debug|Any CPU.ActiveCfg = Debug|Any CPU
		{8F91DFD9-B93F-44F2-AE26-595C8F3155BC}.Debug|Any CPU.Build.0 = Debug|Any CPU
		{8F91DFD9-B93F-44F2-AE26-595C8F3155BC}.Release|Any CPU.ActiveCfg = Release|Any CPU
		{8F91DFD9-B93F-44F2-AE26-595C8F3155BC}.Release|Any CPU.Build.0 = Release|Any CPU
	EndGlobalSection
	GlobalSection(SolutionProperties) = preSolution
		HideSolutionNode = FALSE
	EndGlobalSection
	GlobalSection(ExtensibilityGlobals) = postSolution
		SolutionGuid = {E2BB7C22-92C3-44DA-9953-AB17A0A22088}
	EndGlobalSection
EndGlobal
