
Microsoft Visual Studio Solution File, Format Version 12.00
# Visual Studio Version 17
VisualStudioVersion = 17.8.34309.116
MinimumVisualStudioVersion = 10.0.40219.1
Project("{FAE04EC0-301F-11D3-BF4B-00C04F79EFBC}") = "WebEmpty", "WebEmpty\WebEmpty.csproj", "{B1AFF30E-914E-44D2-9527-DE741DF9C325}"
EndProject
Global
	GlobalSection(SolutionConfigurationPlatforms) = preSolution
		Debug|Any CPU = Debug|Any CPU
		Release|Any CPU = Release|Any CPU
	EndGlobalSection
	GlobalSection(ProjectConfigurationPlatforms) = postSolution
		{B1AFF30E-914E-44D2-9527-DE741DF9C325}.Debug|Any CPU.ActiveCfg = Debug|Any CPU
		{B1AFF30E-914E-44D2-9527-DE741DF9C325}.Debug|Any CPU.Build.0 = Debug|Any CPU
		{B1AFF30E-914E-44D2-9527-DE741DF9C325}.Release|Any CPU.ActiveCfg = Release|Any CPU
		{B1AFF30E-914E-44D2-9527-DE741DF9C325}.Release|Any CPU.Build.0 = Release|Any CPU
	EndGlobalSection
	GlobalSection(SolutionProperties) = preSolution
		HideSolutionNode = FALSE
	EndGlobalSection
	GlobalSection(ExtensibilityGlobals) = postSolution
		SolutionGuid = {5A73E91D-B2FE-4226-87D7-D7E989128149}
	EndGlobalSection
EndGlobal
